
Microsoft Visual Studio Solution File, Format Version 10.00
# Visual C# Express 2008
Project("{FAE04EC0-301F-11D3-BF4B-00C04F79EFBC}") = "ProtoSharp.Performance", "ProtoSharp.Performance.csproj", "{89231EC6-3436-49D0-9D65-CCDE6C9A3820}"
EndProject
Global
	GlobalSection(SolutionConfigurationPlatforms) = preSolution
		Debug|Any CPU = Debug|Any CPU
		Release|Any CPU = Release|Any CPU
	EndGlobalSection
	GlobalSection(ProjectConfigurationPlatforms) = postSolution
		{89231EC6-3436-49D0-9D65-CCDE6C9A3820}.Debug|Any CPU.ActiveCfg = Release|Any CPU
		{89231EC6-3436-49D0-9D65-CCDE6C9A3820}.Debug|Any CPU.Build.0 = Release|Any CPU
		{89231EC6-3436-49D0-9D65-CCDE6C9A3820}.Release|Any CPU.ActiveCfg = Release|Any CPU
		{89231EC6-3436-49D0-9D65-CCDE6C9A3820}.Release|Any CPU.Build.0 = Release|Any CPU
	EndGlobalSection
	GlobalSection(SolutionProperties) = preSolution
		HideSolutionNode = FALSE
	EndGlobalSection
EndGlobal
