
Microsoft Visual Studio Solution File, Format Version 10.00
# Visual C# Express 2008
Project("{FAE04EC0-301F-11D3-BF4B-00C04F79EFBC}") = "ProtoSharp.Core", "Core\ProtoSharp.Core.csproj", "{52C2BF05-9DA3-4214-BCF6-2E13822CD39E}"
EndProject
Project("{FAE04EC0-301F-11D3-BF4B-00C04F79EFBC}") = "ProtoSharp.Tests", "Tests\ProtoSharp.Tests.csproj", "{AE3523C9-ED85-414F-BAF3-9A5DFEE9151E}"
EndProject
Global
	GlobalSection(SolutionConfigurationPlatforms) = preSolution
		Debug|Any CPU = Debug|Any CPU
		Release|Any CPU = Release|Any CPU
	EndGlobalSection
	GlobalSection(ProjectConfigurationPlatforms) = postSolution
		{52C2BF05-9DA3-4214-BCF6-2E13822CD39E}.Debug|Any CPU.ActiveCfg = Release|Any CPU
		{52C2BF05-9DA3-4214-BCF6-2E13822CD39E}.Debug|Any CPU.Build.0 = Release|Any CPU
		{52C2BF05-9DA3-4214-BCF6-2E13822CD39E}.Release|Any CPU.ActiveCfg = Release|Any CPU
		{52C2BF05-9DA3-4214-BCF6-2E13822CD39E}.Release|Any CPU.Build.0 = Release|Any CPU
		{AE3523C9-ED85-414F-BAF3-9A5DFEE9151E}.Debug|Any CPU.ActiveCfg = Debug|Any CPU
		{AE3523C9-ED85-414F-BAF3-9A5DFEE9151E}.Debug|Any CPU.Build.0 = Debug|Any CPU
		{AE3523C9-ED85-414F-BAF3-9A5DFEE9151E}.Release|Any CPU.ActiveCfg = Release|Any CPU
		{AE3523C9-ED85-414F-BAF3-9A5DFEE9151E}.Release|Any CPU.Build.0 = Release|Any CPU
	EndGlobalSection
	GlobalSection(SolutionProperties) = preSolution
		HideSolutionNode = FALSE
	EndGlobalSection
EndGlobal
